<?xml version="1.0" encoding="utf-8"?>
<Project ToolsVersion="4.0" xmlns="http://schemas.microsoft.com/developer/msbuild/2003">
  <ItemGroup>
    <Filter Include="GaemEngien">
      <UniqueIdentifier>{B58D3C1D-A145-7E6A-0A4D-57C6F623195B}</UniqueIdentifier>
    </Filter>
  </ItemGroup>
  <ItemGroup>
    <ClInclude Include="src\GaemEngien.h" />
    <ClInclude Include="src\GaemEngien\Application.h">
      <Filter>GaemEngien</Filter>
    </ClInclude>
    <ClInclude Include="src\GaemEngien\Core.h">
      <Filter>GaemEngien</Filter>
    </ClInclude>
    <ClInclude Include="src\GaemEngien\EntryPoint.h">
      <Filter>GaemEngien</Filter>
    </ClInclude>
    <ClInclude Include="src\GaemEngien\Log.h">
      <Filter>GaemEngien</Filter>
    </ClInclude>
  </ItemGroup>
  <ItemGroup>
    <ClCompile Include="src\GaemEngien\Application.cpp">
      <Filter>GaemEngien</Filter>
    </ClCompile>
    <ClCompile Include="src\GaemEngien\Log.cpp">
      <Filter>GaemEngien</Filter>
    </ClCompile>
  </ItemGroup>
</Project>